
Microsoft Visual Studio Solution File, Format Version 12.00
# Visual Studio Version 16
VisualStudioVersion = 16.0.29102.190
MinimumVisualStudioVersion = 10.0.40219.1
Project("{FAE04EC0-301F-11D3-BF4B-00C04F79EFBC}") = "Typing_Speed", "Typing_Speed\Typing_Speed.csproj", "{6EE941D8-128B-4134-95CA-F1E2FDFFD472}"
EndProject
Global
	GlobalSection(SolutionConfigurationPlatforms) = preSolution
		Debug|Any CPU = Debug|Any CPU
		Release|Any CPU = Release|Any CPU
	EndGlobalSection
	GlobalSection(ProjectConfigurationPlatforms) = postSolution
		{6EE941D8-128B-4134-95CA-F1E2FDFFD472}.Debug|Any CPU.ActiveCfg = Debug|Any CPU
		{6EE941D8-128B-4134-95CA-F1E2FDFFD472}.Debug|Any CPU.Build.0 = Debug|Any CPU
		{6EE941D8-128B-4134-95CA-F1E2FDFFD472}.Release|Any CPU.ActiveCfg = Release|Any CPU
		{6EE941D8-128B-4134-95CA-F1E2FDFFD472}.Release|Any CPU.Build.0 = Release|Any CPU
	EndGlobalSection
	GlobalSection(SolutionProperties) = preSolution
		HideSolutionNode = FALSE
	EndGlobalSection
	GlobalSection(ExtensibilityGlobals) = postSolution
		SolutionGuid = {671DC16B-CDFA-426D-849E-A0CD6BB7EDB8}
	EndGlobalSection
EndGlobal
